
Microsoft Visual Studio Solution File, Format Version 12.00
# Visual Studio Version 16
VisualStudioVersion = 16.0.32929.386
MinimumVisualStudioVersion = 10.0.40219.1
Project("{8BC9CEB8-8B4A-11D0-8D11-00A0C91BC942}") = "discord-bot-cpp", "discord-bot-cpp\discord-bot-cpp.vcxproj", "{FDA89403-041A-481B-81DB-873018BABB1A}"
EndProject
Global
	GlobalSection(SolutionConfigurationPlatforms) = preSolution
		Debug|x64 = Debug|x64
		Debug|x86 = Debug|x86
		Release|x64 = Release|x64
		Release|x86 = Release|x86
	EndGlobalSection
	GlobalSection(ProjectConfigurationPlatforms) = postSolution
		{FDA89403-041A-481B-81DB-873018BABB1A}.Debug|x64.ActiveCfg = Debug|x64
		{FDA89403-041A-481B-81DB-873018BABB1A}.Debug|x64.Build.0 = Debug|x64
		{FDA89403-041A-481B-81DB-873018BABB1A}.Debug|x86.ActiveCfg = Debug|Win32
		{FDA89403-041A-481B-81DB-873018BABB1A}.Debug|x86.Build.0 = Debug|Win32
		{FDA89403-041A-481B-81DB-873018BABB1A}.Release|x64.ActiveCfg = Release|x64
		{FDA89403-041A-481B-81DB-873018BABB1A}.Release|x64.Build.0 = Release|x64
		{FDA89403-041A-481B-81DB-873018BABB1A}.Release|x86.ActiveCfg = Release|Win32
		{FDA89403-041A-481B-81DB-873018BABB1A}.Release|x86.Build.0 = Release|Win32
	EndGlobalSection
	GlobalSection(SolutionProperties) = preSolution
		HideSolutionNode = FALSE
	EndGlobalSection
	GlobalSection(ExtensibilityGlobals) = postSolution
		SolutionGuid = {28473070-5CE9-4438-B8D3-55512F5FD37C}
	EndGlobalSection
EndGlobal
